// !$*UTF8*$!
{
	archiveVersion = 1;
	classes = {
	};
	objectVersion = 48;
	objects = {

/* Begin PBXBuildFile section */
		17498E2196892355667BB235 /* Pods_Split_Sheetz.framework in Frameworks */ = {isa = PBXBuildFile; fileRef = 1C3AEB48AFEE39F1583D4655 /* Pods_Split_Sheetz.framework */; };
		1B185B2C1FD5586A0073DD60 /* ArtistTableViewCell.swift in Sources */ = {isa = PBXBuildFile; fileRef = 1B185B2B1FD5586A0073DD60 /* ArtistTableViewCell.swift */; };
		1B2179251FF715FD005397B3 /* iAd.framework in Frameworks */ = {isa = PBXBuildFile; fileRef = 1B2179231FF715FD005397B3 /* iAd.framework */; };
		1B2179261FF715FD005397B3 /* AdSupport.framework in Frameworks */ = {isa = PBXBuildFile; fileRef = 1B2179241FF715FD005397B3 /* AdSupport.framework */; };
		1B2179271FF7160A005397B3 /* Pods_Split_SheetzTests.framework in Frameworks */ = {isa = PBXBuildFile; fileRef = 1B2179291FF7160A005397B3 /* Pods_Split_SheetzTests.framework */; };
		1B2179281FF7160A005397B3 /* Pods_Split_SheetzUITests.framework in Frameworks */ = {isa = PBXBuildFile; fileRef = 1B21792A1FF7160A005397B3 /* Pods_Split_SheetzUITests.framework */; };
		1B21792D1FF71632005397B3 /* UIKit.framework in Frameworks */ = {isa = PBXBuildFile; fileRef = 1B21792B1FF71632005397B3 /* UIKit.framework */; };
		1B21792E1FF71632005397B3 /* Foundation.framework in Frameworks */ = {isa = PBXBuildFile; fileRef = 1B21792C1FF71632005397B3 /* Foundation.framework */; };
		1B30C20C1FE6AC01002FD6D0 /* ArtistTableViewCell.xib in Resources */ = {isa = PBXBuildFile; fileRef = 1B30C20B1FE6AC01002FD6D0 /* ArtistTableViewCell.xib */; };
		1B7DFB681FCE1E0F0017BDB0 /* RootViewController.swift in Sources */ = {isa = PBXBuildFile; fileRef = 1B7DFB671FCE1E0F0017BDB0 /* RootViewController.swift */; };
		1BBD38781FC1BB5B0084A49E /* AppDelegate.swift in Sources */ = {isa = PBXBuildFile; fileRef = 1BBD38771FC1BB5B0084A49E /* AppDelegate.swift */; };
		1BBD387A1FC1BB5B0084A49E /* ViewController.swift in Sources */ = {isa = PBXBuildFile; fileRef = 1BBD38791FC1BB5B0084A49E /* ViewController.swift */; };
		1BBD387D1FC1BB5B0084A49E /* Main.storyboard in Resources */ = {isa = PBXBuildFile; fileRef = 1BBD387B1FC1BB5B0084A49E /* Main.storyboard */; };
		1BBD387F1FC1BB5B0084A49E /* Assets.xcassets in Resources */ = {isa = PBXBuildFile; fileRef = 1BBD387E1FC1BB5B0084A49E /* Assets.xcassets */; };
		1BBD38821FC1BB5B0084A49E /* LaunchScreen.storyboard in Resources */ = {isa = PBXBuildFile; fileRef = 1BBD38801FC1BB5B0084A49E /* LaunchScreen.storyboard */; };
		1BBD388D1FC1BB5B0084A49E /* Split_SheetzTests.swift in Sources */ = {isa = PBXBuildFile; fileRef = 1BBD388C1FC1BB5B0084A49E /* Split_SheetzTests.swift */; };
		1BBD38981FC1BB5B0084A49E /* Split_SheetzUITests.swift in Sources */ = {isa = PBXBuildFile; fileRef = 1BBD38971FC1BB5B0084A49E /* Split_SheetzUITests.swift */; };
		1BBD38A61FC1BBC70084A49E /* Song.swift in Sources */ = {isa = PBXBuildFile; fileRef = 1BBD38A51FC1BBC70084A49E /* Song.swift */; };
		1BBD38A81FC1BBDE0084A49E /* Artist.swift in Sources */ = {isa = PBXBuildFile; fileRef = 1BBD38A71FC1BBDE0084A49E /* Artist.swift */; };
		1BBD38AA1FC269270084A49E /* images in Resources */ = {isa = PBXBuildFile; fileRef = 1BBD38A91FC269270084A49E /* images */; };
		1BBD38AC1FC29A630084A49E /* GoogleService-Info.plist in Resources */ = {isa = PBXBuildFile; fileRef = 1BBD38AB1FC29A630084A49E /* GoogleService-Info.plist */; };
		1BBD38AF1FC67FD60084A49E /* LoginViewController.swift in Sources */ = {isa = PBXBuildFile; fileRef = 1BBD38AE1FC67FD60084A49E /* LoginViewController.swift */; };
		1BBD38B11FC680330084A49E /* RegisterViewController.swift in Sources */ = {isa = PBXBuildFile; fileRef = 1BBD38B01FC680330084A49E /* RegisterViewController.swift */; };
		1BBD38B41FC75CBB0084A49E /* User.swift in Sources */ = {isa = PBXBuildFile; fileRef = 1BBD38B31FC75CBB0084A49E /* User.swift */; };
		3A5BC4F26B5861A8FA20CA35 /* Pods_Split_SheetzUITests.framework in Frameworks */ = {isa = PBXBuildFile; fileRef = 1B21792A1FF7160A005397B3 /* Pods_Split_SheetzUITests.framework */; };
		88B946EED18AED5F466EC887 /* Pods_Split_SheetzTests.framework in Frameworks */ = {isa = PBXBuildFile; fileRef = D640191ED1927075CCE8EB27 /* Pods_Split_SheetzTests.framework */; };
		9B0D460542A2E5C3DE872ECA /* Pods_Split_SheetzUITests.framework in Frameworks */ = {isa = PBXBuildFile; fileRef = 2E08C91F124F1674AD3D2A9A /* Pods_Split_SheetzUITests.framework */; };
		B70938F31D2E9EB77956386E /* Pods_Split_SheetzTests.framework in Frameworks */ = {isa = PBXBuildFile; fileRef = 1B2179291FF7160A005397B3 /* Pods_Split_SheetzTests.framework */; };
/* End PBXBuildFile section */

/* Begin PBXContainerItemProxy section */
		1BBD38891FC1BB5B0084A49E /* PBXContainerItemProxy */ = {
			isa = PBXContainerItemProxy;
			containerPortal = 1BBD386C1FC1BB5B0084A49E /* Project object */;
			proxyType = 1;
			remoteGlobalIDString = 1BBD38731FC1BB5B0084A49E;
			remoteInfo = "Split Sheetz";
		};
		1BBD38941FC1BB5B0084A49E /* PBXContainerItemProxy */ = {
			isa = PBXContainerItemProxy;
			containerPortal = 1BBD386C1FC1BB5B0084A49E /* Project object */;
			proxyType = 1;
			remoteGlobalIDString = 1BBD38731FC1BB5B0084A49E;
			remoteInfo = "Split Sheetz";
		};
/* End PBXContainerItemProxy section */

/* Begin PBXFileReference section */
		1B185B2B1FD5586A0073DD60 /* ArtistTableViewCell.swift */ = {isa = PBXFileReference; lastKnownFileType = sourcecode.swift; path = ArtistTableViewCell.swift; sourceTree = "<group>"; };
		1B2179231FF715FD005397B3 /* iAd.framework */ = {isa = PBXFileReference; lastKnownFileType = wrapper.framework; name = iAd.framework; path = System/Library/Frameworks/iAd.framework; sourceTree = SDKROOT; };
		1B2179241FF715FD005397B3 /* AdSupport.framework */ = {isa = PBXFileReference; lastKnownFileType = wrapper.framework; name = AdSupport.framework; path = System/Library/Frameworks/AdSupport.framework; sourceTree = SDKROOT; };
		1B2179291FF7160A005397B3 /* Pods_Split_SheetzTests.framework */ = {isa = PBXFileReference; explicitFileType = wrapper.framework; path = Pods_Split_SheetzTests.framework; sourceTree = BUILT_PRODUCTS_DIR; };
		1B21792A1FF7160A005397B3 /* Pods_Split_SheetzUITests.framework */ = {isa = PBXFileReference; explicitFileType = wrapper.framework; path = Pods_Split_SheetzUITests.framework; sourceTree = BUILT_PRODUCTS_DIR; };
		1B21792B1FF71632005397B3 /* UIKit.framework */ = {isa = PBXFileReference; lastKnownFileType = wrapper.framework; name = UIKit.framework; path = System/Library/Frameworks/UIKit.framework; sourceTree = SDKROOT; };
		1B21792C1FF71632005397B3 /* Foundation.framework */ = {isa = PBXFileReference; lastKnownFileType = wrapper.framework; name = Foundation.framework; path = System/Library/Frameworks/Foundation.framework; sourceTree = SDKROOT; };
		1B30C20B1FE6AC01002FD6D0 /* ArtistTableViewCell.xib */ = {isa = PBXFileReference; fileEncoding = 4; lastKnownFileType = file.xib; path = ArtistTableViewCell.xib; sourceTree = "<group>"; };
		1B7DFB671FCE1E0F0017BDB0 /* RootViewController.swift */ = {isa = PBXFileReference; lastKnownFileType = sourcecode.swift; path = RootViewController.swift; sourceTree = "<group>"; };
		1BBD38741FC1BB5B0084A49E /* Split Sheetz.app */ = {isa = PBXFileReference; explicitFileType = wrapper.application; includeInIndex = 0; path = "Split Sheetz.app"; sourceTree = BUILT_PRODUCTS_DIR; };
		1BBD38771FC1BB5B0084A49E /* AppDelegate.swift */ = {isa = PBXFileReference; lastKnownFileType = sourcecode.swift; path = AppDelegate.swift; sourceTree = "<group>"; };
		1BBD38791FC1BB5B0084A49E /* ViewController.swift */ = {isa = PBXFileReference; lastKnownFileType = sourcecode.swift; path = ViewController.swift; sourceTree = "<group>"; };
		1BBD387C1FC1BB5B0084A49E /* Base */ = {isa = PBXFileReference; lastKnownFileType = file.storyboard; name = Base; path = Base.lproj/Main.storyboard; sourceTree = "<group>"; };
		1BBD387E1FC1BB5B0084A49E /* Assets.xcassets */ = {isa = PBXFileReference; lastKnownFileType = folder.assetcatalog; path = Assets.xcassets; sourceTree = "<group>"; };
		1BBD38811FC1BB5B0084A49E /* Base */ = {isa = PBXFileReference; lastKnownFileType = file.storyboard; name = Base; path = Base.lproj/LaunchScreen.storyboard; sourceTree = "<group>"; };
		1BBD38831FC1BB5B0084A49E /* Info.plist */ = {isa = PBXFileReference; lastKnownFileType = text.plist.xml; path = Info.plist; sourceTree = "<group>"; };
		1BBD38881FC1BB5B0084A49E /* Split SheetzTests.xctest */ = {isa = PBXFileReference; explicitFileType = wrapper.cfbundle; includeInIndex = 0; path = "Split SheetzTests.xctest"; sourceTree = BUILT_PRODUCTS_DIR; };
		1BBD388C1FC1BB5B0084A49E /* Split_SheetzTests.swift */ = {isa = PBXFileReference; lastKnownFileType = sourcecode.swift; path = Split_SheetzTests.swift; sourceTree = "<group>"; };
		1BBD388E1FC1BB5B0084A49E /* Info.plist */ = {isa = PBXFileReference; lastKnownFileType = text.plist.xml; path = Info.plist; sourceTree = "<group>"; };
		1BBD38931FC1BB5B0084A49E /* Split SheetzUITests.xctest */ = {isa = PBXFileReference; explicitFileType = wrapper.cfbundle; includeInIndex = 0; path = "Split SheetzUITests.xctest"; sourceTree = BUILT_PRODUCTS_DIR; };
		1BBD38971FC1BB5B0084A49E /* Split_SheetzUITests.swift */ = {isa = PBXFileReference; lastKnownFileType = sourcecode.swift; path = Split_SheetzUITests.swift; sourceTree = "<group>"; };
		1BBD38991FC1BB5B0084A49E /* Info.plist */ = {isa = PBXFileReference; lastKnownFileType = text.plist.xml; path = Info.plist; sourceTree = "<group>"; };
		1BBD38A51FC1BBC70084A49E /* Song.swift */ = {isa = PBXFileReference; lastKnownFileType = sourcecode.swift; path = Song.swift; sourceTree = "<group>"; };
		1BBD38A71FC1BBDE0084A49E /* Artist.swift */ = {isa = PBXFileReference; lastKnownFileType = sourcecode.swift; path = Artist.swift; sourceTree = "<group>"; };
		1BBD38A91FC269270084A49E /* images */ = {isa = PBXFileReference; lastKnownFileType = folder; path = images; sourceTree = "<group>"; };
		1BBD38AB1FC29A630084A49E /* GoogleService-Info.plist */ = {isa = PBXFileReference; fileEncoding = 4; lastKnownFileType = text.plist.xml; path = "GoogleService-Info.plist"; sourceTree = "<group>"; };
		1BBD38AE1FC67FD60084A49E /* LoginViewController.swift */ = {isa = PBXFileReference; lastKnownFileType = sourcecode.swift; path = LoginViewController.swift; sourceTree = "<group>"; };
		1BBD38B01FC680330084A49E /* RegisterViewController.swift */ = {isa = PBXFileReference; lastKnownFileType = sourcecode.swift; path = RegisterViewController.swift; sourceTree = "<group>"; };
		1BBD38B31FC75CBB0084A49E /* User.swift */ = {isa = PBXFileReference; lastKnownFileType = sourcecode.swift; path = User.swift; sourceTree = "<group>"; };
		1C3AEB48AFEE39F1583D4655 /* Pods_Split_Sheetz.framework */ = {isa = PBXFileReference; explicitFileType = wrapper.framework; includeInIndex = 0; path = Pods_Split_Sheetz.framework; sourceTree = BUILT_PRODUCTS_DIR; };
		2E08C91F124F1674AD3D2A9A /* Pods_Split_SheetzUITests.framework */ = {isa = PBXFileReference; explicitFileType = wrapper.framework; includeInIndex = 0; path = Pods_Split_SheetzUITests.framework; sourceTree = BUILT_PRODUCTS_DIR; };
		4D9152BB94E891E6A1D680BF /* Pods-Split SheetzTests.release.xcconfig */ = {isa = PBXFileReference; includeInIndex = 1; lastKnownFileType = text.xcconfig; name = "Pods-Split SheetzTests.release.xcconfig"; path = "Pods/Target Support Files/Pods-Split SheetzTests/Pods-Split SheetzTests.release.xcconfig"; sourceTree = "<group>"; };
		705246857495F263E126CD6B /* Pods-Split Sheetz.release.xcconfig */ = {isa = PBXFileReference; includeInIndex = 1; lastKnownFileType = text.xcconfig; name = "Pods-Split Sheetz.release.xcconfig"; path = "Pods/Target Support Files/Pods-Split Sheetz/Pods-Split Sheetz.release.xcconfig"; sourceTree = "<group>"; };
		7F17F94F8C5020B08AB5E45A /* Pods-Split SheetzTests.debug.xcconfig */ = {isa = PBXFileReference; includeInIndex = 1; lastKnownFileType = text.xcconfig; name = "Pods-Split SheetzTests.debug.xcconfig"; path = "Pods/Target Support Files/Pods-Split SheetzTests/Pods-Split SheetzTests.debug.xcconfig"; sourceTree = "<group>"; };
		96A764AC526548A11631B9B9 /* Pods-Split SheetzUITests.debug.xcconfig */ = {isa = PBXFileReference; includeInIndex = 1; lastKnownFileType = text.xcconfig; name = "Pods-Split SheetzUITests.debug.xcconfig"; path = "Pods/Target Support Files/Pods-Split SheetzUITests/Pods-Split SheetzUITests.debug.xcconfig"; sourceTree = "<group>"; };
		AB83359626C305BD934708D0 /* Pods-Split Sheetz.debug.xcconfig */ = {isa = PBXFileReference; includeInIndex = 1; lastKnownFileType = text.xcconfig; name = "Pods-Split Sheetz.debug.xcconfig"; path = "Pods/Target Support Files/Pods-Split Sheetz/Pods-Split Sheetz.debug.xcconfig"; sourceTree = "<group>"; };
		CE33C200D7D55A7174D9D17F /* Pods-Split SheetzUITests.release.xcconfig */ = {isa = PBXFileReference; includeInIndex = 1; lastKnownFileType = text.xcconfig; name = "Pods-Split SheetzUITests.release.xcconfig"; path = "Pods/Target Support Files/Pods-Split SheetzUITests/Pods-Split SheetzUITests.release.xcconfig"; sourceTree = "<group>"; };
		D640191ED1927075CCE8EB27 /* Pods_Split_SheetzTests.framework */ = {isa = PBXFileReference; explicitFileType = wrapper.framework; includeInIndex = 0; path = Pods_Split_SheetzTests.framework; sourceTree = BUILT_PRODUCTS_DIR; };
/* End PBXFileReference section */

/* Begin PBXFrameworksBuildPhase section */
		1BBD38711FC1BB5B0084A49E /* Frameworks */ = {
			isa = PBXFrameworksBuildPhase;
			buildActionMask = 2147483647;
			files = (
				1B21792D1FF71632005397B3 /* UIKit.framework in Frameworks */,
				1B21792E1FF71632005397B3 /* Foundation.framework in Frameworks */,
				1B2179271FF7160A005397B3 /* Pods_Split_SheetzTests.framework in Frameworks */,
				1B2179281FF7160A005397B3 /* Pods_Split_SheetzUITests.framework in Frameworks */,
				1B2179251FF715FD005397B3 /* iAd.framework in Frameworks */,
				1B2179261FF715FD005397B3 /* AdSupport.framework in Frameworks */,
				17498E2196892355667BB235 /* Pods_Split_Sheetz.framework in Frameworks */,
			);
			runOnlyForDeploymentPostprocessing = 0;
		};
		1BBD38851FC1BB5B0084A49E /* Frameworks */ = {
			isa = PBXFrameworksBuildPhase;
			buildActionMask = 2147483647;
			files = (
				88B946EED18AED5F466EC887 /* Pods_Split_SheetzTests.framework in Frameworks */,
				B70938F31D2E9EB77956386E /* Pods_Split_SheetzTests.framework in Frameworks */,
			);
			runOnlyForDeploymentPostprocessing = 0;
		};
		1BBD38901FC1BB5B0084A49E /* Frameworks */ = {
			isa = PBXFrameworksBuildPhase;
			buildActionMask = 2147483647;
			files = (
				9B0D460542A2E5C3DE872ECA /* Pods_Split_SheetzUITests.framework in Frameworks */,
				3A5BC4F26B5861A8FA20CA35 /* Pods_Split_SheetzUITests.framework in Frameworks */,
			);
			runOnlyForDeploymentPostprocessing = 0;
		};
/* End PBXFrameworksBuildPhase section */

/* Begin PBXGroup section */
		1BBD386B1FC1BB5B0084A49E = {
			isa = PBXGroup;
			children = (
				1BBD38761FC1BB5B0084A49E /* Split Sheetz */,
				1BBD388B1FC1BB5B0084A49E /* Split SheetzTests */,
				1BBD38961FC1BB5B0084A49E /* Split SheetzUITests */,
				1BBD38751FC1BB5B0084A49E /* Products */,
				D171CCBEE038A63D1B3262F6 /* Pods */,
				ECA401D299CE2B418624D6B8 /* Frameworks */,
			);
			sourceTree = "<group>";
		};
		1BBD38751FC1BB5B0084A49E /* Products */ = {
			isa = PBXGroup;
			children = (
				1BBD38741FC1BB5B0084A49E /* Split Sheetz.app */,
				1BBD38881FC1BB5B0084A49E /* Split SheetzTests.xctest */,
				1BBD38931FC1BB5B0084A49E /* Split SheetzUITests.xctest */,
			);
			name = Products;
			sourceTree = "<group>";
		};
		1BBD38761FC1BB5B0084A49E /* Split Sheetz */ = {
			isa = PBXGroup;
			children = (
				1BBD38771FC1BB5B0084A49E /* AppDelegate.swift */,
				1B185B2B1FD5586A0073DD60 /* ArtistTableViewCell.swift */,
				1BBD38791FC1BB5B0084A49E /* ViewController.swift */,
				1BBD38AE1FC67FD60084A49E /* LoginViewController.swift */,
				1BBD38B01FC680330084A49E /* RegisterViewController.swift */,
				1BBD38A51FC1BBC70084A49E /* Song.swift */,
				1BBD38A71FC1BBDE0084A49E /* Artist.swift */,
				1BBD38B31FC75CBB0084A49E /* User.swift */,
				1BBD387E1FC1BB5B0084A49E /* Assets.xcassets */,
				1BBD387B1FC1BB5B0084A49E /* Main.storyboard */,
				1B30C20B1FE6AC01002FD6D0 /* ArtistTableViewCell.xib */,
				1BBD38801FC1BB5B0084A49E /* LaunchScreen.storyboard */,
				1BBD38831FC1BB5B0084A49E /* Info.plist */,
				1BBD38AB1FC29A630084A49E /* GoogleService-Info.plist */,
				1BBD38A91FC269270084A49E /* images */,
				1B7DFB671FCE1E0F0017BDB0 /* RootViewController.swift */,
			);
			path = "Split Sheetz";
			sourceTree = "<group>";
		};
		1BBD388B1FC1BB5B0084A49E /* Split SheetzTests */ = {
			isa = PBXGroup;
			children = (
				1BBD388C1FC1BB5B0084A49E /* Split_SheetzTests.swift */,
				1BBD388E1FC1BB5B0084A49E /* Info.plist */,
			);
			path = "Split SheetzTests";
			sourceTree = "<group>";
		};
		1BBD38961FC1BB5B0084A49E /* Split SheetzUITests */ = {
			isa = PBXGroup;
			children = (
				1BBD38971FC1BB5B0084A49E /* Split_SheetzUITests.swift */,
				1BBD38991FC1BB5B0084A49E /* Info.plist */,
			);
			path = "Split SheetzUITests";
			sourceTree = "<group>";
		};
		D171CCBEE038A63D1B3262F6 /* Pods */ = {
			isa = PBXGroup;
			children = (
				AB83359626C305BD934708D0 /* Pods-Split Sheetz.debug.xcconfig */,
				705246857495F263E126CD6B /* Pods-Split Sheetz.release.xcconfig */,
				7F17F94F8C5020B08AB5E45A /* Pods-Split SheetzTests.debug.xcconfig */,
				4D9152BB94E891E6A1D680BF /* Pods-Split SheetzTests.release.xcconfig */,
				96A764AC526548A11631B9B9 /* Pods-Split SheetzUITests.debug.xcconfig */,
				CE33C200D7D55A7174D9D17F /* Pods-Split SheetzUITests.release.xcconfig */,
			);
			name = Pods;
			sourceTree = "<group>";
		};
		ECA401D299CE2B418624D6B8 /* Frameworks */ = {
			isa = PBXGroup;
			children = (
				1B21792C1FF71632005397B3 /* Foundation.framework */,
				1B21792B1FF71632005397B3 /* UIKit.framework */,
				1B2179291FF7160A005397B3 /* Pods_Split_SheetzTests.framework */,
				1B21792A1FF7160A005397B3 /* Pods_Split_SheetzUITests.framework */,
				1B2179241FF715FD005397B3 /* AdSupport.framework */,
				1B2179231FF715FD005397B3 /* iAd.framework */,
				1C3AEB48AFEE39F1583D4655 /* Pods_Split_Sheetz.framework */,
				D640191ED1927075CCE8EB27 /* Pods_Split_SheetzTests.framework */,
				2E08C91F124F1674AD3D2A9A /* Pods_Split_SheetzUITests.framework */,
			);
			name = Frameworks;
			sourceTree = "<group>";
		};
/* End PBXGroup section */

/* Begin PBXNativeTarget section */
		1BBD38731FC1BB5B0084A49E /* Split Sheetz */ = {
			isa = PBXNativeTarget;
			buildConfigurationList = 1BBD389C1FC1BB5B0084A49E /* Build configuration list for PBXNativeTarget "Split Sheetz" */;
			buildPhases = (
				2E144187F063081982075C36 /* [CP] Check Pods Manifest.lock */,
				1BBD38701FC1BB5B0084A49E /* Sources */,
				1BBD38711FC1BB5B0084A49E /* Frameworks */,
				1BBD38721FC1BB5B0084A49E /* Resources */,
				C7796D046A256DC4F4D24EEA /* [CP] Embed Pods Frameworks */,
				7F6C3149A43D3AAA55C4F436 /* [CP] Copy Pods Resources */,
			);
			buildRules = (
			);
			dependencies = (
			);
			name = "Split Sheetz";
			productName = "Split Sheetz";
			productReference = 1BBD38741FC1BB5B0084A49E /* Split Sheetz.app */;
			productType = "com.apple.product-type.application";
		};
		1BBD38871FC1BB5B0084A49E /* Split SheetzTests */ = {
			isa = PBXNativeTarget;
			buildConfigurationList = 1BBD389F1FC1BB5B0084A49E /* Build configuration list for PBXNativeTarget "Split SheetzTests" */;
			buildPhases = (
				27105141B754FC3D5772BC27 /* [CP] Check Pods Manifest.lock */,
				1BBD38841FC1BB5B0084A49E /* Sources */,
				1BBD38851FC1BB5B0084A49E /* Frameworks */,
				1BBD38861FC1BB5B0084A49E /* Resources */,
				1BD94B530C263FD08C12DC17 /* [CP] Embed Pods Frameworks */,
				67AEA967971131024F454E69 /* [CP] Copy Pods Resources */,
			);
			buildRules = (
			);
			dependencies = (
				1BBD388A1FC1BB5B0084A49E /* PBXTargetDependency */,
			);
			name = "Split SheetzTests";
			productName = "Split SheetzTests";
			productReference = 1BBD38881FC1BB5B0084A49E /* Split SheetzTests.xctest */;
			productType = "com.apple.product-type.bundle.unit-test";
		};
		1BBD38921FC1BB5B0084A49E /* Split SheetzUITests */ = {
			isa = PBXNativeTarget;
			buildConfigurationList = 1BBD38A21FC1BB5B0084A49E /* Build configuration list for PBXNativeTarget "Split SheetzUITests" */;
			buildPhases = (
				7E17CC1F12510DE7446B4FC8 /* [CP] Check Pods Manifest.lock */,
				1BBD388F1FC1BB5B0084A49E /* Sources */,
				1BBD38901FC1BB5B0084A49E /* Frameworks */,
				1BBD38911FC1BB5B0084A49E /* Resources */,
				CA981871150EF4FA02E15FAB /* [CP] Embed Pods Frameworks */,
				488B822E9B9A0B0A1D32EF5F /* [CP] Copy Pods Resources */,
			);
			buildRules = (
			);
			dependencies = (
				1BBD38951FC1BB5B0084A49E /* PBXTargetDependency */,
			);
			name = "Split SheetzUITests";
			productName = "Split SheetzUITests";
			productReference = 1BBD38931FC1BB5B0084A49E /* Split SheetzUITests.xctest */;
			productType = "com.apple.product-type.bundle.ui-testing";
		};
/* End PBXNativeTarget section */

/* Begin PBXProject section */
		1BBD386C1FC1BB5B0084A49E /* Project object */ = {
			isa = PBXProject;
			attributes = {
				LastSwiftUpdateCheck = 0910;
				LastUpgradeCheck = 0910;
				ORGANIZATIONNAME = Verve;
				TargetAttributes = {
					1BBD38731FC1BB5B0084A49E = {
						CreatedOnToolsVersion = 9.1;
						ProvisioningStyle = Automatic;
					};
					1BBD38871FC1BB5B0084A49E = {
						CreatedOnToolsVersion = 9.1;
						ProvisioningStyle = Automatic;
						TestTargetID = 1BBD38731FC1BB5B0084A49E;
					};
					1BBD38921FC1BB5B0084A49E = {
						CreatedOnToolsVersion = 9.1;
						ProvisioningStyle = Automatic;
						TestTargetID = 1BBD38731FC1BB5B0084A49E;
					};
				};
			};
			buildConfigurationList = 1BBD386F1FC1BB5B0084A49E /* Build configuration list for PBXProject "Split Sheetz" */;
			compatibilityVersion = "Xcode 8.0";
			developmentRegion = en;
			hasScannedForEncodings = 0;
			knownRegions = (
				en,
				Base,
			);
			mainGroup = 1BBD386B1FC1BB5B0084A49E;
			productRefGroup = 1BBD38751FC1BB5B0084A49E /* Products */;
			projectDirPath = "";
			projectRoot = "";
			targets = (
				1BBD38731FC1BB5B0084A49E /* Split Sheetz */,
				1BBD38871FC1BB5B0084A49E /* Split SheetzTests */,
				1BBD38921FC1BB5B0084A49E /* Split SheetzUITests */,
			);
		};
/* End PBXProject section */

/* Begin PBXResourcesBuildPhase section */
		1BBD38721FC1BB5B0084A49E /* Resources */ = {
			isa = PBXResourcesBuildPhase;
			buildActionMask = 2147483647;
			files = (
				1B30C20C1FE6AC01002FD6D0 /* ArtistTableViewCell.xib in Resources */,
				1BBD38AA1FC269270084A49E /* images in Resources */,
				1BBD38821FC1BB5B0084A49E /* LaunchScreen.storyboard in Resources */,
				1BBD38AC1FC29A630084A49E /* GoogleService-Info.plist in Resources */,
				1BBD387F1FC1BB5B0084A49E /* Assets.xcassets in Resources */,
				1BBD387D1FC1BB5B0084A49E /* Main.storyboard in Resources */,
			);
			runOnlyForDeploymentPostprocessing = 0;
		};
		1BBD38861FC1BB5B0084A49E /* Resources */ = {
			isa = PBXResourcesBuildPhase;
			buildActionMask = 2147483647;
			files = (
			);
			runOnlyForDeploymentPostprocessing = 0;
		};
		1BBD38911FC1BB5B0084A49E /* Resources */ = {
			isa = PBXResourcesBuildPhase;
			buildActionMask = 2147483647;
			files = (
			);
			runOnlyForDeploymentPostprocessing = 0;
		};
/* End PBXResourcesBuildPhase section */

/* Begin PBXShellScriptBuildPhase section */
		1BD94B530C263FD08C12DC17 /* [CP] Embed Pods Frameworks */ = {
			isa = PBXShellScriptBuildPhase;
			buildActionMask = 2147483647;
			files = (
			);
			inputPaths = (
			);
			name = "[CP] Embed Pods Frameworks";
			outputPaths = (
			);
			runOnlyForDeploymentPostprocessing = 0;
			shellPath = /bin/sh;
			shellScript = "\"${SRCROOT}/Pods/Target Support Files/Pods-Split SheetzTests/Pods-Split SheetzTests-frameworks.sh\"\n";
			showEnvVarsInLog = 0;
		};
		27105141B754FC3D5772BC27 /* [CP] Check Pods Manifest.lock */ = {
			isa = PBXShellScriptBuildPhase;
			buildActionMask = 2147483647;
			files = (
			);
			inputPaths = (
				"${PODS_PODFILE_DIR_PATH}/Podfile.lock",
				"${PODS_ROOT}/Manifest.lock",
			);
			name = "[CP] Check Pods Manifest.lock";
			outputPaths = (
				"$(DERIVED_FILE_DIR)/Pods-Split SheetzTests-checkManifestLockResult.txt",
			);
			runOnlyForDeploymentPostprocessing = 0;
			shellPath = /bin/sh;
			shellScript = "diff \"${PODS_PODFILE_DIR_PATH}/Podfile.lock\" \"${PODS_ROOT}/Manifest.lock\" > /dev/null\nif [ $? != 0 ] ; then\n    # print error to STDERR\n    echo \"error: The sandbox is not in sync with the Podfile.lock. Run 'pod install' or update your CocoaPods installation.\" >&2\n    exit 1\nfi\n# This output is used by Xcode 'outputs' to avoid re-running this script phase.\necho \"SUCCESS\" > \"${SCRIPT_OUTPUT_FILE_0}\"\n";
			showEnvVarsInLog = 0;
		};
		2E144187F063081982075C36 /* [CP] Check Pods Manifest.lock */ = {
			isa = PBXShellScriptBuildPhase;
			buildActionMask = 2147483647;
			files = (
			);
			inputPaths = (
				"${PODS_PODFILE_DIR_PATH}/Podfile.lock",
				"${PODS_ROOT}/Manifest.lock",
			);
			name = "[CP] Check Pods Manifest.lock";
			outputPaths = (
				"$(DERIVED_FILE_DIR)/Pods-Split Sheetz-checkManifestLockResult.txt",
			);
			runOnlyForDeploymentPostprocessing = 0;
			shellPath = /bin/sh;
			shellScript = "diff \"${PODS_PODFILE_DIR_PATH}/Podfile.lock\" \"${PODS_ROOT}/Manifest.lock\" > /dev/null\nif [ $? != 0 ] ; then\n    # print error to STDERR\n    echo \"error: The sandbox is not in sync with the Podfile.lock. Run 'pod install' or update your CocoaPods installation.\" >&2\n    exit 1\nfi\n# This output is used by Xcode 'outputs' to avoid re-running this script phase.\necho \"SUCCESS\" > \"${SCRIPT_OUTPUT_FILE_0}\"\n";
			showEnvVarsInLog = 0;
		};
		488B822E9B9A0B0A1D32EF5F /* [CP] Copy Pods Resources */ = {
			isa = PBXShellScriptBuildPhase;
			buildActionMask = 2147483647;
			files = (
			);
			inputPaths = (
			);
			name = "[CP] Copy Pods Resources";
			outputPaths = (
			);
			runOnlyForDeploymentPostprocessing = 0;
			shellPath = /bin/sh;
			shellScript = "\"${SRCROOT}/Pods/Target Support Files/Pods-Split SheetzUITests/Pods-Split SheetzUITests-resources.sh\"\n";
			showEnvVarsInLog = 0;
		};
		67AEA967971131024F454E69 /* [CP] Copy Pods Resources */ = {
			isa = PBXShellScriptBuildPhase;
			buildActionMask = 2147483647;
			files = (
			);
			inputPaths = (
			);
			name = "[CP] Copy Pods Resources";
			outputPaths = (
			);
			runOnlyForDeploymentPostprocessing = 0;
			shellPath = /bin/sh;
			shellScript = "\"${SRCROOT}/Pods/Target Support Files/Pods-Split SheetzTests/Pods-Split SheetzTests-resources.sh\"\n";
			showEnvVarsInLog = 0;
		};
		7E17CC1F12510DE7446B4FC8 /* [CP] Check Pods Manifest.lock */ = {
			isa = PBXShellScriptBuildPhase;
			buildActionMask = 2147483647;
			files = (
			);
			inputPaths = (
				"${PODS_PODFILE_DIR_PATH}/Podfile.lock",
				"${PODS_ROOT}/Manifest.lock",
			);
			name = "[CP] Check Pods Manifest.lock";
			outputPaths = (
				"$(DERIVED_FILE_DIR)/Pods-Split SheetzUITests-checkManifestLockResult.txt",
			);
			runOnlyForDeploymentPostprocessing = 0;
			shellPath = /bin/sh;
			shellScript = "diff \"${PODS_PODFILE_DIR_PATH}/Podfile.lock\" \"${PODS_ROOT}/Manifest.lock\" > /dev/null\nif [ $? != 0 ] ; then\n    # print error to STDERR\n    echo \"error: The sandbox is not in sync with the Podfile.lock. Run 'pod install' or update your CocoaPods installation.\" >&2\n    exit 1\nfi\n# This output is used by Xcode 'outputs' to avoid re-running this script phase.\necho \"SUCCESS\" > \"${SCRIPT_OUTPUT_FILE_0}\"\n";
			showEnvVarsInLog = 0;
		};
		7F6C3149A43D3AAA55C4F436 /* [CP] Copy Pods Resources */ = {
			isa = PBXShellScriptBuildPhase;
			buildActionMask = 2147483647;
			files = (
			);
			inputPaths = (
			);
			name = "[CP] Copy Pods Resources";
			outputPaths = (
			);
			runOnlyForDeploymentPostprocessing = 0;
			shellPath = /bin/sh;
			shellScript = "\"${SRCROOT}/Pods/Target Support Files/Pods-Split Sheetz/Pods-Split Sheetz-resources.sh\"\n";
			showEnvVarsInLog = 0;
		};
		C7796D046A256DC4F4D24EEA /* [CP] Embed Pods Frameworks */ = {
			isa = PBXShellScriptBuildPhase;
			buildActionMask = 2147483647;
			files = (
			);
			inputPaths = (
				"${SRCROOT}/Pods/Target Support Files/Pods-Split Sheetz/Pods-Split Sheetz-frameworks.sh",
				"${BUILT_PRODUCTS_DIR}/GTMSessionFetcher/GTMSessionFetcher.framework",
				"${BUILT_PRODUCTS_DIR}/GoogleToolboxForMac/GoogleToolboxForMac.framework",
				"${BUILT_PRODUCTS_DIR}/leveldb-library/leveldb.framework",
				"${BUILT_PRODUCTS_DIR}/nanopb/nanopb.framework",
			);
			name = "[CP] Embed Pods Frameworks";
			outputPaths = (
				"${TARGET_BUILD_DIR}/${FRAMEWORKS_FOLDER_PATH}/GTMSessionFetcher.framework",
				"${TARGET_BUILD_DIR}/${FRAMEWORKS_FOLDER_PATH}/GoogleToolboxForMac.framework",
				"${TARGET_BUILD_DIR}/${FRAMEWORKS_FOLDER_PATH}/leveldb.framework",
				"${TARGET_BUILD_DIR}/${FRAMEWORKS_FOLDER_PATH}/nanopb.framework",
			);
			runOnlyForDeploymentPostprocessing = 0;
			shellPath = /bin/sh;
			shellScript = "\"${SRCROOT}/Pods/Target Support Files/Pods-Split Sheetz/Pods-Split Sheetz-frameworks.sh\"\n";
			showEnvVarsInLog = 0;
		};
		CA981871150EF4FA02E15FAB /* [CP] Embed Pods Frameworks */ = {
			isa = PBXShellScriptBuildPhase;
			buildActionMask = 2147483647;
			files = (
			);
			inputPaths = (
			);
			name = "[CP] Embed Pods Frameworks";
			outputPaths = (
			);
			runOnlyForDeploymentPostprocessing = 0;
			shellPath = /bin/sh;
			shellScript = "\"${SRCROOT}/Pods/Target Support Files/Pods-Split SheetzUITests/Pods-Split SheetzUITests-frameworks.sh\"\n";
			showEnvVarsInLog = 0;
		};
/* End PBXShellScriptBuildPhase section */

/* Begin PBXSourcesBuildPhase section */
		1BBD38701FC1BB5B0084A49E /* Sources */ = {
			isa = PBXSourcesBuildPhase;
			buildActionMask = 2147483647;
			files = (
				1BBD38A61FC1BBC70084A49E /* Song.swift in Sources */,
				1BBD387A1FC1BB5B0084A49E /* ViewController.swift in Sources */,
				1B185B2C1FD5586A0073DD60 /* ArtistTableViewCell.swift in Sources */,
				1BBD38A81FC1BBDE0084A49E /* Artist.swift in Sources */,
				1BBD38B11FC680330084A49E /* RegisterViewController.swift in Sources */,
				1BBD38AF1FC67FD60084A49E /* LoginViewController.swift in Sources */,
				1BBD38781FC1BB5B0084A49E /* AppDelegate.swift in Sources */,
				1B7DFB681FCE1E0F0017BDB0 /* RootViewController.swift in Sources */,
				1BBD38B41FC75CBB0084A49E /* User.swift in Sources */,
			);
			runOnlyForDeploymentPostprocessing = 0;
		};
		1BBD38841FC1BB5B0084A49E /* Sources */ = {
			isa = PBXSourcesBuildPhase;
			buildActionMask = 2147483647;
			files = (
				1BBD388D1FC1BB5B0084A49E /* Split_SheetzTests.swift in Sources */,
			);
			runOnlyForDeploymentPostprocessing = 0;
		};
		1BBD388F1FC1BB5B0084A49E /* Sources */ = {
			isa = PBXSourcesBuildPhase;
			buildActionMask = 2147483647;
			files = (
				1BBD38981FC1BB5B0084A49E /* Split_SheetzUITests.swift in Sources */,
			);
			runOnlyForDeploymentPostprocessing = 0;
		};
/* End PBXSourcesBuildPhase section */

/* Begin PBXTargetDependency section */
		1BBD388A1FC1BB5B0084A49E /* PBXTargetDependency */ = {
			isa = PBXTargetDependency;
			target = 1BBD38731FC1BB5B0084A49E /* Split Sheetz */;
			targetProxy = 1BBD38891FC1BB5B0084A49E /* PBXContainerItemProxy */;
		};
		1BBD38951FC1BB5B0084A49E /* PBXTargetDependency */ = {
			isa = PBXTargetDependency;
			target = 1BBD38731FC1BB5B0084A49E /* Split Sheetz */;
			targetProxy = 1BBD38941FC1BB5B0084A49E /* PBXContainerItemProxy */;
		};
/* End PBXTargetDependency section */

/* Begin PBXVariantGroup section */
		1BBD387B1FC1BB5B0084A49E /* Main.storyboard */ = {
			isa = PBXVariantGroup;
			children = (
				1BBD387C1FC1BB5B0084A49E /* Base */,
			);
			name = Main.storyboard;
			sourceTree = "<group>";
		};
		1BBD38801FC1BB5B0084A49E /* LaunchScreen.storyboard */ = {
			isa = PBXVariantGroup;
			children = (
				1BBD38811FC1BB5B0084A49E /* Base */,
			);
			name = LaunchScreen.storyboard;
			sourceTree = "<group>";
		};
/* End PBXVariantGroup section */

/* Begin XCBuildConfiguration section */
		1BBD389A1FC1BB5B0084A49E /* Debug */ = {
			isa = XCBuildConfiguration;
			buildSettings = {
				ALWAYS_SEARCH_USER_PATHS = NO;
				CLANG_ANALYZER_NONNULL = YES;
				CLANG_ANALYZER_NUMBER_OBJECT_CONVERSION = YES_AGGRESSIVE;
				CLANG_CXX_LANGUAGE_STANDARD = "gnu++14";
				CLANG_CXX_LIBRARY = "libc++";
				CLANG_ENABLE_MODULES = YES;
				CLANG_ENABLE_OBJC_ARC = YES;
				CLANG_WARN_BLOCK_CAPTURE_AUTORELEASING = YES;
				CLANG_WARN_BOOL_CONVERSION = YES;
				CLANG_WARN_COMMA = YES;
				CLANG_WARN_CONSTANT_CONVERSION = YES;
				CLANG_WARN_DIRECT_OBJC_ISA_USAGE = YES_ERROR;
				CLANG_WARN_DOCUMENTATION_COMMENTS = YES;
				CLANG_WARN_EMPTY_BODY = YES;
				CLANG_WARN_ENUM_CONVERSION = YES;
				CLANG_WARN_INFINITE_RECURSION = YES;
				CLANG_WARN_INT_CONVERSION = YES;
				CLANG_WARN_NON_LITERAL_NULL_CONVERSION = YES;
				CLANG_WARN_OBJC_LITERAL_CONVERSION = YES;
				CLANG_WARN_OBJC_ROOT_CLASS = YES_ERROR;
				CLANG_WARN_RANGE_LOOP_ANALYSIS = YES;
				CLANG_WARN_STRICT_PROTOTYPES = YES;
				CLANG_WARN_SUSPICIOUS_MOVE = YES;
				CLANG_WARN_UNGUARDED_AVAILABILITY = YES_AGGRESSIVE;
				CLANG_WARN_UNREACHABLE_CODE = YES;
				CLANG_WARN__DUPLICATE_METHOD_MATCH = YES;
				CODE_SIGN_IDENTITY = "iPhone Developer";
				COPY_PHASE_STRIP = NO;
				DEBUG_INFORMATION_FORMAT = dwarf;
				ENABLE_STRICT_OBJC_MSGSEND = YES;
				ENABLE_TESTABILITY = YES;
				GCC_C_LANGUAGE_STANDARD = gnu11;
				GCC_DYNAMIC_NO_PIC = NO;
				GCC_NO_COMMON_BLOCKS = YES;
				GCC_OPTIMIZATION_LEVEL = 0;
				GCC_PREPROCESSOR_DEFINITIONS = (
					"DEBUG=1",
					"$(inherited)",
				);
				GCC_WARN_64_TO_32_BIT_CONVERSION = YES;
				GCC_WARN_ABOUT_RETURN_TYPE = YES_ERROR;
				GCC_WARN_UNDECLARED_SELECTOR = YES;
				GCC_WARN_UNINITIALIZED_AUTOS = YES_AGGRESSIVE;
				GCC_WARN_UNUSED_FUNCTION = YES;
				GCC_WARN_UNUSED_VARIABLE = YES;
				IPHONEOS_DEPLOYMENT_TARGET = 11.1;
				MTL_ENABLE_DEBUG_INFO = YES;
				ONLY_ACTIVE_ARCH = YES;
				SDKROOT = iphoneos;
				SWIFT_ACTIVE_COMPILATION_CONDITIONS = DEBUG;
				SWIFT_OPTIMIZATION_LEVEL = "-Onone";
			};
			name = Debug;
		};
		1BBD389B1FC1BB5B0084A49E /* Release */ = {
			isa = XCBuildConfiguration;
			buildSettings = {
				ALWAYS_SEARCH_USER_PATHS = NO;
				CLANG_ANALYZER_NONNULL = YES;
				CLANG_ANALYZER_NUMBER_OBJECT_CONVERSION = YES_AGGRESSIVE;
				CLANG_CXX_LANGUAGE_STANDARD = "gnu++14";
				CLANG_CXX_LIBRARY = "libc++";
				CLANG_ENABLE_MODULES = YES;
				CLANG_ENABLE_OBJC_ARC = YES;
				CLANG_WARN_BLOCK_CAPTURE_AUTORELEASING = YES;
				CLANG_WARN_BOOL_CONVERSION = YES;
				CLANG_WARN_COMMA = YES;
				CLANG_WARN_CONSTANT_CONVERSION = YES;
				CLANG_WARN_DIRECT_OBJC_ISA_USAGE = YES_ERROR;
				CLANG_WARN_DOCUMENTATION_COMMENTS = YES;
				CLANG_WARN_EMPTY_BODY = YES;
				CLANG_WARN_ENUM_CONVERSION = YES;
				CLANG_WARN_INFINITE_RECURSION = YES;
				CLANG_WARN_INT_CONVERSION = YES;
				CLANG_WARN_NON_LITERAL_NULL_CONVERSION = YES;
				CLANG_WARN_OBJC_LITERAL_CONVERSION = YES;
				CLANG_WARN_OBJC_ROOT_CLASS = YES_ERROR;
				CLANG_WARN_RANGE_LOOP_ANALYSIS = YES;
				CLANG_WARN_STRICT_PROTOTYPES = YES;
				CLANG_WARN_SUSPICIOUS_MOVE = YES;
				CLANG_WARN_UNGUARDED_AVAILABILITY = YES_AGGRESSIVE;
				CLANG_WARN_UNREACHABLE_CODE = YES;
				CLANG_WARN__DUPLICATE_METHOD_MATCH = YES;
				CODE_SIGN_IDENTITY = "iPhone Developer";
				COPY_PHASE_STRIP = NO;
				DEBUG_INFORMATION_FORMAT = "dwarf-with-dsym";
				ENABLE_NS_ASSERTIONS = NO;
				ENABLE_STRICT_OBJC_MSGSEND = YES;
				GCC_C_LANGUAGE_STANDARD = gnu11;
				GCC_NO_COMMON_BLOCKS = YES;
				GCC_WARN_64_TO_32_BIT_CONVERSION = YES;
				GCC_WARN_ABOUT_RETURN_TYPE = YES_ERROR;
				GCC_WARN_UNDECLARED_SELECTOR = YES;
				GCC_WARN_UNINITIALIZED_AUTOS = YES_AGGRESSIVE;
				GCC_WARN_UNUSED_FUNCTION = YES;
				GCC_WARN_UNUSED_VARIABLE = YES;
				IPHONEOS_DEPLOYMENT_TARGET = 11.1;
				MTL_ENABLE_DEBUG_INFO = NO;
				SDKROOT = iphoneos;
				SWIFT_OPTIMIZATION_LEVEL = "-Owholemodule";
				VALIDATE_PRODUCT = YES;
			};
			name = Release;
		};
		1BBD389D1FC1BB5B0084A49E /* Debug */ = {
			isa = XCBuildConfiguration;
			baseConfigurationReference = AB83359626C305BD934708D0 /* Pods-Split Sheetz.debug.xcconfig */;
			buildSettings = {
				ASSETCATALOG_COMPILER_APPICON_NAME = AppIcon;
				CODE_SIGN_STYLE = Automatic;
				DEVELOPMENT_TEAM = EW6ML5V45M;
				INFOPLIST_FILE = "Split Sheetz/Info.plist";
				IPHONEOS_DEPLOYMENT_TARGET = 11.2;
				LD_RUNPATH_SEARCH_PATHS = "$(inherited) @executable_path/Frameworks";
				PRODUCT_BUNDLE_IDENTIFIER = "com.lrg.Split-Sheetz";
				PRODUCT_NAME = "$(TARGET_NAME)";
				SWIFT_VERSION = 4.0;
				TARGETED_DEVICE_FAMILY = "1,2";
			};
			name = Debug;
		};
		1BBD389E1FC1BB5B0084A49E /* Release */ = {
			isa = XCBuildConfiguration;
			baseConfigurationReference = 705246857495F263E126CD6B /* Pods-Split Sheetz.release.xcconfig */;
			buildSettings = {
				ASSETCATALOG_COMPILER_APPICON_NAME = AppIcon;
				CODE_SIGN_STYLE = Automatic;
				DEVELOPMENT_TEAM = EW6ML5V45M;
				INFOPLIST_FILE = "Split Sheetz/Info.plist";
				IPHONEOS_DEPLOYMENT_TARGET = 11.2;
				LD_RUNPATH_SEARCH_PATHS = "$(inherited) @executable_path/Frameworks";
				PRODUCT_BUNDLE_IDENTIFIER = "com.lrg.Split-Sheetz";
				PRODUCT_NAME = "$(TARGET_NAME)";
				SWIFT_VERSION = 4.0;
				TARGETED_DEVICE_FAMILY = "1,2";
			};
			name = Release;
		};
		1BBD38A01FC1BB5B0084A49E /* Debug */ = {
			isa = XCBuildConfiguration;
			baseConfigurationReference = 7F17F94F8C5020B08AB5E45A /* Pods-Split SheetzTests.debug.xcconfig */;
			buildSettings = {
				ALWAYS_EMBED_SWIFT_STANDARD_LIBRARIES = YES;
				BUNDLE_LOADER = "$(TEST_HOST)";
				CODE_SIGN_STYLE = Automatic;
				DEVELOPMENT_TEAM = EW6ML5V45M;
				INFOPLIST_FILE = "Split SheetzTests/Info.plist";
				LD_RUNPATH_SEARCH_PATHS = "$(inherited) @executable_path/Frameworks @loader_path/Frameworks";
				PRODUCT_BUNDLE_IDENTIFIER = "com.lrg.Split-SheetzTests";
				PRODUCT_NAME = "$(TARGET_NAME)";
				SWIFT_VERSION = 4.0;
				TARGETED_DEVICE_FAMILY = "1,2";
				TEST_HOST = "$(BUILT_PRODUCTS_DIR)/Split Sheetz.app/Split Sheetz";
			};
			name = Debug;
		};
		1BBD38A11FC1BB5B0084A49E /* Release */ = {
			isa = XCBuildConfiguration;
			baseConfigurationReference = 4D9152BB94E891E6A1D680BF /* Pods-Split SheetzTests.release.xcconfig */;
			buildSettings = {
				ALWAYS_EMBED_SWIFT_STANDARD_LIBRARIES = YES;
				BUNDLE_LOADER = "$(TEST_HOST)";
				CODE_SIGN_STYLE = Automatic;
				DEVELOPMENT_TEAM = EW6ML5V45M;
				INFOPLIST_FILE = "Split SheetzTests/Info.plist";
				LD_RUNPATH_SEARCH_PATHS = "$(inherited) @executable_path/Frameworks @loader_path/Frameworks";
				PRODUCT_BUNDLE_IDENTIFIER = "com.lrg.Split-SheetzTests";
				PRODUCT_NAME = "$(TARGET_NAME)";
				SWIFT_VERSION = 4.0;
				TARGETED_DEVICE_FAMILY = "1,2";
				TEST_HOST = "$(BUILT_PRODUCTS_DIR)/Split Sheetz.app/Split Sheetz";
			};
			name = Release;
		};
		1BBD38A31FC1BB5B0084A49E /* Debug */ = {
			isa = XCBuildConfiguration;
			baseConfigurationReference = 96A764AC526548A11631B9B9 /* Pods-Split SheetzUITests.debug.xcconfig */;
			buildSettings = {
				ALWAYS_EMBED_SWIFT_STANDARD_LIBRARIES = YES;
				CODE_SIGN_STYLE = Automatic;
				DEVELOPMENT_TEAM = EW6ML5V45M;
				INFOPLIST_FILE = "Split SheetzUITests/Info.plist";
				LD_RUNPATH_SEARCH_PATHS = "$(inherited) @executable_path/Frameworks @loader_path/Frameworks";
				PRODUCT_BUNDLE_IDENTIFIER = "com.lrg.Split-SheetzUITests";
				PRODUCT_NAME = "$(TARGET_NAME)";
				SWIFT_VERSION = 4.0;
				TARGETED_DEVICE_FAMILY = "1,2";
				TEST_TARGET_NAME = "Split Sheetz";
			};
			name = Debug;
		};
		1BBD38A41FC1BB5B0084A49E /* Release */ = {
			isa = XCBuildConfiguration;
			baseConfigurationReference = CE33C200D7D55A7174D9D17F /* Pods-Split SheetzUITests.release.xcconfig */;
			buildSettings = {
				ALWAYS_EMBED_SWIFT_STANDARD_LIBRARIES = YES;
				CODE_SIGN_STYLE = Automatic;
				DEVELOPMENT_TEAM = EW6ML5V45M;
				INFOPLIST_FILE = "Split SheetzUITests/Info.plist";
				LD_RUNPATH_SEARCH_PATHS = "$(inherited) @executable_path/Frameworks @loader_path/Frameworks";
				PRODUCT_BUNDLE_IDENTIFIER = "com.lrg.Split-SheetzUITests";
				PRODUCT_NAME = "$(TARGET_NAME)";
				SWIFT_VERSION = 4.0;
				TARGETED_DEVICE_FAMILY = "1,2";
				TEST_TARGET_NAME = "Split Sheetz";
			};
			name = Release;
		};
/* End XCBuildConfiguration section */

/* Begin XCConfigurationList section */
		1BBD386F1FC1BB5B0084A49E /* Build configuration list for PBXProject "Split Sheetz" */ = {
			isa = XCConfigurationList;
			buildConfigurations = (
				1BBD389A1FC1BB5B0084A49E /* Debug */,
				1BBD389B1FC1BB5B0084A49E /* Release */,
			);
			defaultConfigurationIsVisible = 0;
			defaultConfigurationName = Debug;
		};
		1BBD389C1FC1BB5B0084A49E /* Build configuration list for PBXNativeTarget "Split Sheetz" */ = {
			isa = XCConfigurationList;
			buildConfigurations = (
				1BBD389D1FC1BB5B0084A49E /* Debug */,
				1BBD389E1FC1BB5B0084A49E /* Release */,
			);
			defaultConfigurationIsVisible = 0;
			defaultConfigurationName = Debug;
		};
		1BBD389F1FC1BB5B0084A49E /* Build configuration list for PBXNativeTarget "Split SheetzTests" */ = {
			isa = XCConfigurationList;
			buildConfigurations = (
				1BBD38A01FC1BB5B0084A49E /* Debug */,
				1BBD38A11FC1BB5B0084A49E /* Release */,
			);
			defaultConfigurationIsVisible = 0;
			defaultConfigurationName = Debug;
		};
		1BBD38A21FC1BB5B0084A49E /* Build configuration list for PBXNativeTarget "Split SheetzUITests" */ = {
			isa = XCConfigurationList;
			buildConfigurations = (
				1BBD38A31FC1BB5B0084A49E /* Debug */,
				1BBD38A41FC1BB5B0084A49E /* Release */,
			);
			defaultConfigurationIsVisible = 0;
			defaultConfigurationName = Debug;
		};
/* End XCConfigurationList section */
	};
	rootObject = 1BBD386C1FC1BB5B0084A49E /* Project object */;
}
